
Microsoft Visual Studio Solution File, Format Version 12.00
# Visual Studio Version 17
VisualStudioVersion = 17.0.32112.339
MinimumVisualStudioVersion = 10.0.40219.1
Project("{9A19103F-16F7-4668-BE54-9A1E7A4F7556}") = "LawPortal.Core", "LawPortal.Core\LawPortal.Core.csproj", "{99D1DC81-5B5E-4EB8-8510-F32676A025E2}"
EndProject
Project("{2150E333-8FDC-42A3-9474-1A3956D46DE8}") = "Solution Items", "Solution Items", "{70297B1A-38B0-4D61-99D6-16859E09B638}"
	ProjectSection(SolutionItems) = preProject
		dbupdates.sql = dbupdates.sql
		nuget.config = nuget.config
	EndProjectSection
EndProject
Project("{2150E333-8FDC-42A3-9474-1A3956D46DE8}") = "src", "src", "{BE595685-8A91-41D5-89A0-6526F0436B35}"
EndProject
Project("{9A19103F-16F7-4668-BE54-9A1E7A4F7556}") = "LawPortal.Infrastructure", "LawPortal.Infrastructure\LawPortal.Infrastructure.csproj", "{4227C45F-2DAB-4CE1-9ECD-4176947D27D6}"
EndProject
Project("{9A19103F-16F7-4668-BE54-9A1E7A4F7556}") = "LawPortal.Web", "LawPortal.Web\LawPortal.Web.csproj", "{70AE8270-1069-4970-B89B-474822A10B2C}"
EndProject
Project("{FAE04EC0-301F-11D3-BF4B-00C04F79EFBC}") = "LawPortal.Reports", "LawPortal.Reports\LawPortal.Reports.csproj", "{7581D600-C281-47BE-867B-369EFA1E919A}"
EndProject
Project("{FAE04EC0-301F-11D3-BF4B-00C04F79EFBC}") = "LawPortal.Mdb", "LawPortal.Mdb\LawPortal.Mdb.csproj", "{92F6589A-9CD8-4593-AF02-FCC33449A8BF}"
EndProject
Global
	GlobalSection(SolutionConfigurationPlatforms) = preSolution
		Debug|Any CPU = Debug|Any CPU
		Debug|x64 = Debug|x64
		Debug|x86 = Debug|x86
		DebugLocal|Any CPU = DebugLocal|Any CPU
		DebugLocal|x64 = DebugLocal|x64
		DebugLocal|x86 = DebugLocal|x86
		Release|Any CPU = Release|Any CPU
		Release|x64 = Release|x64
		Release|x86 = Release|x86
	EndGlobalSection
	GlobalSection(ProjectConfigurationPlatforms) = postSolution
		{99D1DC81-5B5E-4EB8-8510-F32676A025E2}.Debug|Any CPU.ActiveCfg = Debug|Any CPU
		{99D1DC81-5B5E-4EB8-8510-F32676A025E2}.Debug|Any CPU.Build.0 = Debug|Any CPU
		{99D1DC81-5B5E-4EB8-8510-F32676A025E2}.Debug|x64.ActiveCfg = Debug|Any CPU
		{99D1DC81-5B5E-4EB8-8510-F32676A025E2}.Debug|x64.Build.0 = Debug|Any CPU
		{99D1DC81-5B5E-4EB8-8510-F32676A025E2}.Debug|x86.ActiveCfg = Debug|Any CPU
		{99D1DC81-5B5E-4EB8-8510-F32676A025E2}.Debug|x86.Build.0 = Debug|Any CPU
		{99D1DC81-5B5E-4EB8-8510-F32676A025E2}.DebugLocal|Any CPU.ActiveCfg = Debug|Any CPU
		{99D1DC81-5B5E-4EB8-8510-F32676A025E2}.DebugLocal|Any CPU.Build.0 = Debug|Any CPU
		{99D1DC81-5B5E-4EB8-8510-F32676A025E2}.DebugLocal|x64.ActiveCfg = DebugLocal|Any CPU
		{99D1DC81-5B5E-4EB8-8510-F32676A025E2}.DebugLocal|x64.Build.0 = DebugLocal|Any CPU
		{99D1DC81-5B5E-4EB8-8510-F32676A025E2}.DebugLocal|x86.ActiveCfg = DebugLocal|Any CPU
		{99D1DC81-5B5E-4EB8-8510-F32676A025E2}.DebugLocal|x86.Build.0 = DebugLocal|Any CPU
		{99D1DC81-5B5E-4EB8-8510-F32676A025E2}.Release|Any CPU.ActiveCfg = Release|Any CPU
		{99D1DC81-5B5E-4EB8-8510-F32676A025E2}.Release|Any CPU.Build.0 = Release|Any CPU
		{99D1DC81-5B5E-4EB8-8510-F32676A025E2}.Release|x64.ActiveCfg = Release|Any CPU
		{99D1DC81-5B5E-4EB8-8510-F32676A025E2}.Release|x64.Build.0 = Release|Any CPU
		{99D1DC81-5B5E-4EB8-8510-F32676A025E2}.Release|x86.ActiveCfg = Release|Any CPU
		{99D1DC81-5B5E-4EB8-8510-F32676A025E2}.Release|x86.Build.0 = Release|Any CPU
		{4227C45F-2DAB-4CE1-9ECD-4176947D27D6}.Debug|Any CPU.ActiveCfg = Debug|Any CPU
		{4227C45F-2DAB-4CE1-9ECD-4176947D27D6}.Debug|Any CPU.Build.0 = Debug|Any CPU
		{4227C45F-2DAB-4CE1-9ECD-4176947D27D6}.Debug|x64.ActiveCfg = Debug|Any CPU
		{4227C45F-2DAB-4CE1-9ECD-4176947D27D6}.Debug|x64.Build.0 = Debug|Any CPU
		{4227C45F-2DAB-4CE1-9ECD-4176947D27D6}.Debug|x86.ActiveCfg = Debug|Any CPU
		{4227C45F-2DAB-4CE1-9ECD-4176947D27D6}.Debug|x86.Build.0 = Debug|Any CPU
		{4227C45F-2DAB-4CE1-9ECD-4176947D27D6}.DebugLocal|Any CPU.ActiveCfg = Debug|Any CPU
		{4227C45F-2DAB-4CE1-9ECD-4176947D27D6}.DebugLocal|Any CPU.Build.0 = Debug|Any CPU
		{4227C45F-2DAB-4CE1-9ECD-4176947D27D6}.DebugLocal|x64.ActiveCfg = DebugLocal|Any CPU
		{4227C45F-2DAB-4CE1-9ECD-4176947D27D6}.DebugLocal|x64.Build.0 = DebugLocal|Any CPU
		{4227C45F-2DAB-4CE1-9ECD-4176947D27D6}.DebugLocal|x86.ActiveCfg = DebugLocal|Any CPU
		{4227C45F-2DAB-4CE1-9ECD-4176947D27D6}.DebugLocal|x86.Build.0 = DebugLocal|Any CPU
		{4227C45F-2DAB-4CE1-9ECD-4176947D27D6}.Release|Any CPU.ActiveCfg = Release|Any CPU
		{4227C45F-2DAB-4CE1-9ECD-4176947D27D6}.Release|Any CPU.Build.0 = Release|Any CPU
		{4227C45F-2DAB-4CE1-9ECD-4176947D27D6}.Release|x64.ActiveCfg = Release|Any CPU
		{4227C45F-2DAB-4CE1-9ECD-4176947D27D6}.Release|x64.Build.0 = Release|Any CPU
		{4227C45F-2DAB-4CE1-9ECD-4176947D27D6}.Release|x86.ActiveCfg = Release|Any CPU
		{4227C45F-2DAB-4CE1-9ECD-4176947D27D6}.Release|x86.Build.0 = Release|Any CPU
		{70AE8270-1069-4970-B89B-474822A10B2C}.Debug|Any CPU.ActiveCfg = Debug|Any CPU
		{70AE8270-1069-4970-B89B-474822A10B2C}.Debug|Any CPU.Build.0 = Debug|Any CPU
		{70AE8270-1069-4970-B89B-474822A10B2C}.Debug|x64.ActiveCfg = Debug|Any CPU
		{70AE8270-1069-4970-B89B-474822A10B2C}.Debug|x64.Build.0 = Debug|Any CPU
		{70AE8270-1069-4970-B89B-474822A10B2C}.Debug|x86.ActiveCfg = Debug|Any CPU
		{70AE8270-1069-4970-B89B-474822A10B2C}.Debug|x86.Build.0 = Debug|Any CPU
		{70AE8270-1069-4970-B89B-474822A10B2C}.DebugLocal|Any CPU.ActiveCfg = Debug|Any CPU
		{70AE8270-1069-4970-B89B-474822A10B2C}.DebugLocal|Any CPU.Build.0 = Debug|Any CPU
		{70AE8270-1069-4970-B89B-474822A10B2C}.DebugLocal|x64.ActiveCfg = DebugLocal|Any CPU
		{70AE8270-1069-4970-B89B-474822A10B2C}.DebugLocal|x64.Build.0 = DebugLocal|Any CPU
		{70AE8270-1069-4970-B89B-474822A10B2C}.DebugLocal|x86.ActiveCfg = DebugLocal|Any CPU
		{70AE8270-1069-4970-B89B-474822A10B2C}.DebugLocal|x86.Build.0 = DebugLocal|Any CPU
		{70AE8270-1069-4970-B89B-474822A10B2C}.Release|Any CPU.ActiveCfg = Release|Any CPU
		{70AE8270-1069-4970-B89B-474822A10B2C}.Release|Any CPU.Build.0 = Release|Any CPU
		{70AE8270-1069-4970-B89B-474822A10B2C}.Release|x64.ActiveCfg = Release|Any CPU
		{70AE8270-1069-4970-B89B-474822A10B2C}.Release|x64.Build.0 = Release|Any CPU
		{70AE8270-1069-4970-B89B-474822A10B2C}.Release|x86.ActiveCfg = Release|Any CPU
		{70AE8270-1069-4970-B89B-474822A10B2C}.Release|x86.Build.0 = Release|Any CPU
		{7581D600-C281-47BE-867B-369EFA1E919A}.Debug|Any CPU.ActiveCfg = Debug|Any CPU
		{7581D600-C281-47BE-867B-369EFA1E919A}.Debug|Any CPU.Build.0 = Debug|Any CPU
		{7581D600-C281-47BE-867B-369EFA1E919A}.Debug|x64.ActiveCfg = Debug|Any CPU
		{7581D600-C281-47BE-867B-369EFA1E919A}.Debug|x64.Build.0 = Debug|Any CPU
		{7581D600-C281-47BE-867B-369EFA1E919A}.Debug|x86.ActiveCfg = Debug|Any CPU
		{7581D600-C281-47BE-867B-369EFA1E919A}.Debug|x86.Build.0 = Debug|Any CPU
		{7581D600-C281-47BE-867B-369EFA1E919A}.DebugLocal|Any CPU.ActiveCfg = Debug|Any CPU
		{7581D600-C281-47BE-867B-369EFA1E919A}.DebugLocal|Any CPU.Build.0 = Debug|Any CPU
		{7581D600-C281-47BE-867B-369EFA1E919A}.DebugLocal|x64.ActiveCfg = Debug|Any CPU
		{7581D600-C281-47BE-867B-369EFA1E919A}.DebugLocal|x64.Build.0 = Debug|Any CPU
		{7581D600-C281-47BE-867B-369EFA1E919A}.DebugLocal|x86.ActiveCfg = Debug|Any CPU
		{7581D600-C281-47BE-867B-369EFA1E919A}.DebugLocal|x86.Build.0 = Debug|Any CPU
		{7581D600-C281-47BE-867B-369EFA1E919A}.Release|Any CPU.ActiveCfg = Release|Any CPU
		{7581D600-C281-47BE-867B-369EFA1E919A}.Release|Any CPU.Build.0 = Release|Any CPU
		{7581D600-C281-47BE-867B-369EFA1E919A}.Release|x64.ActiveCfg = Release|Any CPU
		{7581D600-C281-47BE-867B-369EFA1E919A}.Release|x64.Build.0 = Release|Any CPU
		{7581D600-C281-47BE-867B-369EFA1E919A}.Release|x86.ActiveCfg = Release|Any CPU
		{7581D600-C281-47BE-867B-369EFA1E919A}.Release|x86.Build.0 = Release|Any CPU
		{92F6589A-9CD8-4593-AF02-FCC33449A8BF}.Debug|Any CPU.ActiveCfg = Debug|Any CPU
		{92F6589A-9CD8-4593-AF02-FCC33449A8BF}.Debug|Any CPU.Build.0 = Debug|Any CPU
		{92F6589A-9CD8-4593-AF02-FCC33449A8BF}.Debug|x64.ActiveCfg = Debug|Any CPU
		{92F6589A-9CD8-4593-AF02-FCC33449A8BF}.Debug|x64.Build.0 = Debug|Any CPU
		{92F6589A-9CD8-4593-AF02-FCC33449A8BF}.Debug|x86.ActiveCfg = Debug|Any CPU
		{92F6589A-9CD8-4593-AF02-FCC33449A8BF}.Debug|x86.Build.0 = Debug|Any CPU
		{92F6589A-9CD8-4593-AF02-FCC33449A8BF}.DebugLocal|Any CPU.ActiveCfg = Debug|Any CPU
		{92F6589A-9CD8-4593-AF02-FCC33449A8BF}.DebugLocal|Any CPU.Build.0 = Debug|Any CPU
		{92F6589A-9CD8-4593-AF02-FCC33449A8BF}.DebugLocal|x64.ActiveCfg = Debug|Any CPU
		{92F6589A-9CD8-4593-AF02-FCC33449A8BF}.DebugLocal|x64.Build.0 = Debug|Any CPU
		{92F6589A-9CD8-4593-AF02-FCC33449A8BF}.DebugLocal|x86.ActiveCfg = Debug|Any CPU
		{92F6589A-9CD8-4593-AF02-FCC33449A8BF}.DebugLocal|x86.Build.0 = Debug|Any CPU
		{92F6589A-9CD8-4593-AF02-FCC33449A8BF}.Release|Any CPU.ActiveCfg = Release|Any CPU
		{92F6589A-9CD8-4593-AF02-FCC33449A8BF}.Release|Any CPU.Build.0 = Release|Any CPU
		{92F6589A-9CD8-4593-AF02-FCC33449A8BF}.Release|x64.ActiveCfg = Release|Any CPU
		{92F6589A-9CD8-4593-AF02-FCC33449A8BF}.Release|x64.Build.0 = Release|Any CPU
		{92F6589A-9CD8-4593-AF02-FCC33449A8BF}.Release|x86.ActiveCfg = Release|Any CPU
		{92F6589A-9CD8-4593-AF02-FCC33449A8BF}.Release|x86.Build.0 = Release|Any CPU
	EndGlobalSection
	GlobalSection(SolutionProperties) = preSolution
		HideSolutionNode = FALSE
	EndGlobalSection
	GlobalSection(NestedProjects) = preSolution
		{99D1DC81-5B5E-4EB8-8510-F32676A025E2} = {BE595685-8A91-41D5-89A0-6526F0436B35}
		{4227C45F-2DAB-4CE1-9ECD-4176947D27D6} = {BE595685-8A91-41D5-89A0-6526F0436B35}
		{70AE8270-1069-4970-B89B-474822A10B2C} = {BE595685-8A91-41D5-89A0-6526F0436B35}
	EndGlobalSection
	GlobalSection(ExtensibilityGlobals) = postSolution
		SolutionGuid = {7CEEBE57-B875-45A2-952E-CE34893FA440}
	EndGlobalSection
EndGlobal
